
Microsoft Visual Studio Solution File, Format Version 12.00
# Visual Studio 15
VisualStudioVersion = 15.0.28010.2050
MinimumVisualStudioVersion = 10.0.40219.1
Project("{8BC9CEB8-8B4A-11D0-8D11-00A0C91BC942}") = "Console animations", "Console animations\Console animations.vcxproj", "{503A9F8D-01F5-45B9-ABEC-2F535E51C52A}"
EndProject
Project("{8BC9CEB8-8B4A-11D0-8D11-00A0C91BC942}") = "Image recognition", "Image recognition\Image recognition.vcxproj", "{8EA5E3B8-5C1B-4FBC-A860-D9A5AEDDB503}"
EndProject
Project("{8BC9CEB8-8B4A-11D0-8D11-00A0C91BC942}") = "List reverse", "List reverse\List reverse.vcxproj", "{57CA6A09-28D1-45A8-ADD5-28FB922844F4}"
EndProject
Project("{8BC9CEB8-8B4A-11D0-8D11-00A0C91BC942}") = "Streams of memory", "Streams of memory\Streams of memory.vcxproj", "{95D9547C-0387-4A1C-9A42-BEFD8308790E}"
EndProject
Global
	GlobalSection(SolutionConfigurationPlatforms) = preSolution
		Debug|x64 = Debug|x64
		Debug|x86 = Debug|x86
		Release|x64 = Release|x64
		Release|x86 = Release|x86
	EndGlobalSection
	GlobalSection(ProjectConfigurationPlatforms) = postSolution
		{503A9F8D-01F5-45B9-ABEC-2F535E51C52A}.Debug|x64.ActiveCfg = Debug|x64
		{503A9F8D-01F5-45B9-ABEC-2F535E51C52A}.Debug|x64.Build.0 = Debug|x64
		{503A9F8D-01F5-45B9-ABEC-2F535E51C52A}.Debug|x86.ActiveCfg = Debug|Win32
		{503A9F8D-01F5-45B9-ABEC-2F535E51C52A}.Debug|x86.Build.0 = Debug|Win32
		{503A9F8D-01F5-45B9-ABEC-2F535E51C52A}.Release|x64.ActiveCfg = Release|x64
		{503A9F8D-01F5-45B9-ABEC-2F535E51C52A}.Release|x64.Build.0 = Release|x64
		{503A9F8D-01F5-45B9-ABEC-2F535E51C52A}.Release|x86.ActiveCfg = Release|Win32
		{503A9F8D-01F5-45B9-ABEC-2F535E51C52A}.Release|x86.Build.0 = Release|Win32
		{8EA5E3B8-5C1B-4FBC-A860-D9A5AEDDB503}.Debug|x64.ActiveCfg = Debug|x64
		{8EA5E3B8-5C1B-4FBC-A860-D9A5AEDDB503}.Debug|x64.Build.0 = Debug|x64
		{8EA5E3B8-5C1B-4FBC-A860-D9A5AEDDB503}.Debug|x86.ActiveCfg = Debug|Win32
		{8EA5E3B8-5C1B-4FBC-A860-D9A5AEDDB503}.Debug|x86.Build.0 = Debug|Win32
		{8EA5E3B8-5C1B-4FBC-A860-D9A5AEDDB503}.Release|x64.ActiveCfg = Release|x64
		{8EA5E3B8-5C1B-4FBC-A860-D9A5AEDDB503}.Release|x64.Build.0 = Release|x64
		{8EA5E3B8-5C1B-4FBC-A860-D9A5AEDDB503}.Release|x86.ActiveCfg = Release|Win32
		{8EA5E3B8-5C1B-4FBC-A860-D9A5AEDDB503}.Release|x86.Build.0 = Release|Win32
		{57CA6A09-28D1-45A8-ADD5-28FB922844F4}.Debug|x64.ActiveCfg = Debug|x64
		{57CA6A09-28D1-45A8-ADD5-28FB922844F4}.Debug|x64.Build.0 = Debug|x64
		{57CA6A09-28D1-45A8-ADD5-28FB922844F4}.Debug|x86.ActiveCfg = Debug|Win32
		{57CA6A09-28D1-45A8-ADD5-28FB922844F4}.Debug|x86.Build.0 = Debug|Win32
		{57CA6A09-28D1-45A8-ADD5-28FB922844F4}.Release|x64.ActiveCfg = Release|x64
		{57CA6A09-28D1-45A8-ADD5-28FB922844F4}.Release|x64.Build.0 = Release|x64
		{57CA6A09-28D1-45A8-ADD5-28FB922844F4}.Release|x86.ActiveCfg = Release|Win32
		{57CA6A09-28D1-45A8-ADD5-28FB922844F4}.Release|x86.Build.0 = Release|Win32
		{95D9547C-0387-4A1C-9A42-BEFD8308790E}.Debug|x64.ActiveCfg = Debug|x64
		{95D9547C-0387-4A1C-9A42-BEFD8308790E}.Debug|x64.Build.0 = Debug|x64
		{95D9547C-0387-4A1C-9A42-BEFD8308790E}.Debug|x86.ActiveCfg = Debug|Win32
		{95D9547C-0387-4A1C-9A42-BEFD8308790E}.Debug|x86.Build.0 = Debug|Win32
		{95D9547C-0387-4A1C-9A42-BEFD8308790E}.Release|x64.ActiveCfg = Release|x64
		{95D9547C-0387-4A1C-9A42-BEFD8308790E}.Release|x64.Build.0 = Release|x64
		{95D9547C-0387-4A1C-9A42-BEFD8308790E}.Release|x86.ActiveCfg = Release|Win32
		{95D9547C-0387-4A1C-9A42-BEFD8308790E}.Release|x86.Build.0 = Release|Win32
	EndGlobalSection
	GlobalSection(SolutionProperties) = preSolution
		HideSolutionNode = FALSE
	EndGlobalSection
	GlobalSection(ExtensibilityGlobals) = postSolution
		SolutionGuid = {DADCA59E-A9EA-43D5-A2D2-8BE2AD94E813}
	EndGlobalSection
EndGlobal
